github.com/bradfitz/gomemcache v0.0.0-20180710155616-bc664df96737/go.mod h1:PmM6Mmwb0LSuEubjR8N7PtNe1KxZLtOUHtbeikc5h60=
github.com/caixw/gobuild v0.8.0 h1:mqPkmncEXWPYk5fTJ5umAyyXyc4Kgw0AyyHCuACQH4c=
github.com/caixw/gobuild v0.8.0/go.mod h1:TlCe8hb/s1VbNVPBLvOnddBOGSOgsSxt1uhTOavzbXc=
github.com/fsnotify/fsnotify v1.4.7 h1:IXs+QLmnXW2CcXuY+8Mzv/fWEsPGWxqefPtCP5CnV9I=
github.com/fsnotify/fsnotify v1.4.7/go.mod h1:jwhsz4b93w/PPRr/qN1Yymfu8t87LnFCMoQvtojpjFo=
github.com/golang/protobuf v1.3.1 h1:YF8+flBXS5eO826T4nzqPrxfhQThhXl0YzfuUPu4SBg=
github.com/golang/protobuf v1.3.1/go.mod h1:6lQm79b+lXiMfvg/cZm0SGofjICqVBUtrP5yJMmIC1U=
github.com/issue9/assert v1.3.1 h1:L8pRpbnzMIPFJqrMKR/oG03uWrtVeZyYBpI2U2Jx1JE=
github.com/issue9/assert v1.3.1/go.mod h1:9Ger+iz8X7r1zMYYwEhh++2wMGWcNN2oVI+zIQXxcio=
github.com/issue9/assert v1.3.2 h1:IaTa37u4m1fUuTH9K9ldO5IONKVDXjLiUO1T9vj0OF0=
github.com/issue9/assert v1.3.2/go.mod h1:9Ger+iz8X7r1zMYYwEhh++2wMGWcNN2oVI+zIQXxcio=
github.com/issue9/assert v1.3.3 h1:3Xz5rGafXcaOpz7x6X2X3kBQVYxs1l9HFHSwmuDQ3KM=
github.com/issue9/assert v1.3.3/go.mod h1:9Ger+iz8X7r1zMYYwEhh++2wMGWcNN2oVI+zIQXxcio=
github.com/issue9/assert v1.3.4 h1:m9O+Nmi0ejRsLaTfQa349WTQtryQYHynBn6DFv6+sNY=
github.com/issue9/assert v1.3.4/go.mod h1:9Ger+iz8X7r1zMYYwEhh++2wMGWcNN2oVI+zIQXxcio=
github.com/issue9/autoinc v1.0.6 h1:CIxOClYBIRRu9u+YjprhghyxipJuKEj9cKX6zwj0/Wk=
github.com/issue9/autoinc v1.0.6/go.mod h1:bGWX564I5nsereCvh5W9A4jSS8TXONd/ybdNJu5ct/E=
github.com/issue9/cmdopt v0.5.2 h1:bjOru1KKC5o4fh5ulI22HoNzt+CcMsJshNGzjh/ZZcY=
github.com/issue9/cmdopt v0.5.2/go.mod h1:quFf4x/qMmizqoWHLeJ0m8UIPSgltJIU5B6Y6leXZVk=
github.com/issue9/config v0.1.0 h1:MzA9Db32z02lfIKCCI0Tpul9e1NTp33k6gd2oRRXS7M=
github.com/issue9/config v0.1.0/go.mod h1:+AOuG7X4zHEFUaXGBWBQ0x6WjkwIhlONm9cqNS5fw4c=
github.com/issue9/conv v1.0.1 h1:e1dYobyqgwfOj6vZWDtg58jc6phBPECItO2WMkyH30k=
github.com/issue9/conv v1.0.1/go.mod h1:M138h5s3gCoPW5H8EyB5LJLjHVhKMJPqKS3vPWDHtvk=
github.com/issue9/conv v1.1.0 h1:jV4LlJdcBghSZXDVLigZxq9vCqezLqqpfzgfUYJlJzc=
github.com/issue9/conv v1.1.0/go.mod h1:x0bAjWT3ATdZCWnTBSiz+m14d2O5yb4ShhFccm3YBMU=
github.com/issue9/is v1.3.4 h1:+CtW/9EUGOyKSjwMemYm4ISFKO3wOH0rsgX3r0w8Ups=
github.com/issue9/is v1.3.4/go.mod h1:tvnYRpyJnbuU00f/RPN5D+8JbFwyI1fB7vQh+ZWwIqM=
github.com/issue9/logs/v2 v2.4.0 h1:kD4aiUbeM6JKdIMozjY1AtkqLbtFdG7ImRF2BkfK0Nw=
github.com/issue9/logs/v2 v2.4.0/go.mod h1:gMbB0vRQXvo+wP19OwXV19nBW3xmE9JRRbzlDHdhxhw=
github.com/issue9/middleware v1.6.0 h1:iOr0hg7pamvwVFtl/FjCRRaGH5Cud07SWmWf2awAP6c=
github.com/issue9/middleware v1.6.0/go.mod h1:TZmZ24XIWXJNGJmo9eAjMLpebC+Lv3po3pVqPyDTc90=
github.com/issue9/mux/v2 v2.3.2 h1:dPovq3NUoE/5OIC1qrXAim6o7EXP+AxwhWXAme+DtV4=
github.com/issue9/mux/v2 v2.3.2/go.mod h1:VX+9EkwwAz8IfFNJj67BgAFa48D7IipqVxz5z3ke4c8=
github.com/issue9/qheader v0.3.0 h1:a5qqdiut7CyBr9sOKcum3xSdFxlw5IXYm5YF3ljYn0E=
github.com/issue9/qheader v0.3.0/go.mod h1:Po7U9K3JqUdU9T0wibdEgb+WtIyLIEC8fB94o7kClKA=
github.com/issue9/query v1.0.1 h1:30LmKUOL9wnPArfta70VK7Kvp+Bv1djdt1KXiPYI/Fw=
github.com/issue9/query v1.0.1/go.mod h1:cqZHlAW30N6go55mFCmPdALILJhEUODANYebphX3w50=
github.com/issue9/rands v1.1.4 h1:Wx1PzxTF57aao5Xq2/Q0nzRGBuRKWw6nw2emWfwl4hE=
github.com/issue9/rands v1.1.4/go.mod h1:aCnoDR8ukczytaW+9FXuWS7YhhAK/5f+w8sM7P6UXqs=
github.com/issue9/scheduled v0.5.0 h1:LFU6690gJkYFrjKiXNRBpTAULeE1qLc+6Bhe6fejKt0=
github.com/issue9/scheduled v0.5.0/go.mod h1:pmDYEKmpTBVWp0AbjHmGnA7uNSZMmFKfLUO9qD4jXZA=
github.com/issue9/term v1.0.2 h1:biU1UquHr1q50AVVtcuKOxbzwnHOYkqy/ZP1uO8ryAA=
github.com/issue9/term v1.0.2/go.mod h1:R6IrF1ip/wqkXb/wnTGhC0ZyPo5Eg09PnZHYMtOqDD8=
github.com/issue9/term v1.1.0 h1:vKTjD4c0rxw+B7LLfwSypMaVTkyP9DrqyLLgFWsVTVw=
github.com/issue9/term v1.1.0/go.mod h1:9/YTi/aRSKOIy44Wso2xDWXJvMLAEYWskjutTkyUBN0=
github.com/issue9/unique v1.2.0 h1:ZLRNTZnKYk7Bw0jW2kZ79vbbHDMfc1FzM7B15S19jmc=
github.com/issue9/unique v1.2.0/go.mod h1:OyIGEV2ag+3MZh0F8TzArniLPMeIH6I5xcNsEWbi2Lo=
github.com/issue9/upload v1.1.3 h1:r3qtyi6LXGabOJX57MwaYAIk3fl7YMtVHGrflddPKOM=
github.com/issue9/upload v1.1.3/go.mod h1:5k7EGl3m345Dh0PoE4iunFNtgyAFtIJtKMCUGeSn6B4=
github.com/issue9/utils v1.1.1 h1:qADR4fmmlBPyIKZGIKbDgjeNuD9AXiH+VYuSpkERBjA=
github.com/issue9/utils v1.1.1/go.mod h1:5zE3WBLjXw3Fw2CTJ+3cS6u8LjI6uNCooX7ZTclH2Bo=
github.com/issue9/version v1.0.3 h1:g98m3y4PqxfC1CdZIdZTBfMBUN9sdCmqe1aCkFuJw/w=
github.com/issue9/version v1.0.3/go.mod h1:l4aXx5jujVTsl1WzoJa34osSzx8x3KSDhVUfxAXNZqQ=
github.com/issue9/watermark v1.0.5 h1:LqKWTp16/GM17zrFWn3vcOQEV5yOwRK7BnkLLTpI5uc=
github.com/issue9/watermark v1.0.5/go.mod h1:RbznIF4p4hl3DENArELltXbgV31N8TcOagHifeKO09g=
golang.org/x/sys v0.0.0-20190310054646-10058d7d4faa h1:lqti/xP+yD/6zH5TqEwx2MilNIJY5Vbc6Qr8J3qyPIQ=
golang.org/x/sys v0.0.0-20190310054646-10058d7d4faa/go.mod h1:h1NjWce9XRLGQEsW7wpKNCjG9DtNlClVuFLEZdDNbEs=
golang.org/x/sys v0.0.0-20190524152521-dbbf3f1254d4 h1:VSJ45BzqrVgR4clSx415y1rHH7QAGhGt71J0ZmhLYrc=
golang.org/x/sys v0.0.0-20190524152521-dbbf3f1254d4/go.mod h1:h1NjWce9XRLGQEsW7wpKNCjG9DtNlClVuFLEZdDNbEs=
golang.org/x/text v0.3.2 h1:tW2bmiBqwgJj/UpqtC8EpXEZVYOwU0yG4iWbprSVAcs=
golang.org/x/text v0.3.2/go.mod h1:bEr9sfX3Q8Zfm5fL9x+3itogRgK3+ptLWKqgva+5dAk=
golang.org/x/tools v0.0.0-20180917221912-90fa682c2a6e/go.mod h1:n7NCudcB/nEzxVGmLbDWY5pfWTLqBcC2KZ6jyYvM4mQ=
gopkg.in/check.v1 v0.0.0-20161208181325-20d25e280405 h1:yhCVgyC4o1eVCa2tZl7eS0r+SDo693bJlVdllGtEeKM=
gopkg.in/check.v1 v0.0.0-20161208181325-20d25e280405/go.mod h1:Co6ibVJAznAaIkqp8huTwlJQCZ016jof/cbN4VW5Yz0=
gopkg.in/fsnotify.v1 v1.4.7 h1:xOHLXZwVvI9hhs+cLKq5+I5onOuwQLhQwiu63xxlHs4=
gopkg.in/fsnotify.v1 v1.4.7/go.mod h1:Tz8NjZHkW78fSQdbUxIjBTcgA1z1m8ZHf0WmKUhAMys=
gopkg.in/yaml.v2 v2.2.2 h1:ZCJp+EgiOT7lHqUV2J862kp8Qj64Jo6az82+3Td9dZw=
gopkg.in/yaml.v2 v2.2.2/go.mod h1:hI93XBmqTisBFMUTm0b8Fm+jr3Dg1NNxqwp+5A1VGuI=
gopkg.in/yaml.v2 v2.2.7 h1:VUgggvou5XRW9mHwD/yXxIYSMtY0zoKQf/v226p2nyo=
gopkg.in/yaml.v2 v2.2.7/go.mod h1:hI93XBmqTisBFMUTm0b8Fm+jr3Dg1NNxqwp+5A1VGuI=
