github.com/bradfitz/gomemcache v0.0.0-20180710155616-bc664df96737/go.mod h1:PmM6Mmwb0LSuEubjR8N7PtNe1KxZLtOUHtbeikc5h60=
github.com/caixw/gobuild v0.7.1 h1:5+7rH9KA7AvOo0Gk1RjYxysNBEYfruj2gM/tLmbUJDE=
github.com/caixw/gobuild v0.7.1/go.mod h1:DCZMOkor7xwOF1kOMp80fgswy8MkafoTUCCvwQyeoaQ=
github.com/fsnotify/fsnotify v1.4.7 h1:IXs+QLmnXW2CcXuY+8Mzv/fWEsPGWxqefPtCP5CnV9I=
github.com/fsnotify/fsnotify v1.4.7/go.mod h1:jwhsz4b93w/PPRr/qN1Yymfu8t87LnFCMoQvtojpjFo=
github.com/golang/sys v0.0.0-20180905080454-ebe1bf3edb33/go.mod h1:5JyrLPvD/ZdaYkT7IqKhsP5xt7aLjA99KXRtk4EIYDk=
github.com/golang/text v0.3.0/go.mod h1:GUiq9pdJKRKKAZXiVgWFEvocYuREvC14NhI4OPgEjeE=
github.com/issue9/assert v1.0.0 h1:NkLKrreEZgOdyl0aHlF8Yq2+Id7GsfEtU0rTK8nsN4E=
github.com/issue9/assert v1.0.0/go.mod h1:KLwR3U/5rbCxqwAnV3aCr+dz07aoIyIfk2lefIVr2BA=
github.com/issue9/assert v1.1.0 h1:vRl4oP7O7EfYpfXwVfC7kjo7cwzs+NsiAJDg1oyU2Fk=
github.com/issue9/assert v1.1.0/go.mod h1:KLwR3U/5rbCxqwAnV3aCr+dz07aoIyIfk2lefIVr2BA=
github.com/issue9/autoinc v1.0.4 h1:sP1BDVFLxPDzrrKxsAD2JZhKH6Cfvk+iZP+6FUJYoNs=
github.com/issue9/autoinc v1.0.4/go.mod h1:cWddUuBa//znV0hUWG2gitAYT7GOLg7kw5bBDn9DBP8=
github.com/issue9/conv v1.0.0 h1:0tXJwAj4ujf4DaZwR45EtZya2Ib5cXbILRNc2OwnCUs=
github.com/issue9/conv v1.0.0/go.mod h1:ccnp6/pQxHruWOvZiJeNV06Md2pS4bdbm3TBH6roMqY=
github.com/issue9/is v1.1.2 h1:IFv391ZJdDUHSLBRU4yJsRXSnc+2Vf+255z9dhYgZ94=
github.com/issue9/is v1.1.2/go.mod h1:KL5FuxsYzHFWpxPJfxGlBAlGv420nRun9PO76NKoBSY=
github.com/issue9/logs/v2 v2.1.2 h1:t4snjkz4um1iobemDfO05d9NzUfXiZ8CFp7PA/+/h64=
github.com/issue9/logs/v2 v2.1.2/go.mod h1:NRZRLjW3ow2T2dRSslY9/AlTWnkLwJcM4GSVl0YsMok=
github.com/issue9/middleware v1.4.1 h1:mLRSx2vzwxMIkjskEAeRWaFilUfmyRNpR80tk/iF3i4=
github.com/issue9/middleware v1.4.1/go.mod h1:ANSG+TJZvF8ykbXOdSzIZJO4/xvJyGQD08Blb2gPT6Q=
github.com/issue9/mux/v2 v2.0.1 h1:gk0OirrP10qbM+I9bZPD1wJo/X8lMrdsTy7AeMABcO4=
github.com/issue9/mux/v2 v2.0.1/go.mod h1:aMNxRcHlyl6LwavJ3QJApGxUbBgrodp/8NPySTz8dyQ=
github.com/issue9/query v1.0.0 h1:XHAKlrPGRcgRBv8UKFtm89YHB13I1qVoaSugMp6fb88=
github.com/issue9/query v1.0.0/go.mod h1:eJqZy7Yz3BRLasGX9ofVw2W7/k9xONk587qIpKkCLSQ=
github.com/issue9/rands v1.1.1 h1:LN2oLhExq5MqK5bqIzZu18k26QK3eQIWBw3Cbm8fhq4=
github.com/issue9/rands v1.1.1/go.mod h1:+34JYQL1EcxK79SFD3wOJklufb2967Tl9iom5jE1LF4=
github.com/issue9/term v1.0.0 h1:Gz7VoKwJJEC3ljAmCk82YyEia8prkXxdrzvkLujYamE=
github.com/issue9/term v1.0.0/go.mod h1:NUstPS3ZNncPNM1mI5G6KZTd83SHmqjtciqKZTVFO1s=
github.com/issue9/unique v1.1.2 h1:66FeKUhNgp2B+yJTmOkdDiICD9hfo6DWy4T4cnsivRQ=
github.com/issue9/unique v1.1.2/go.mod h1:UvlxShawUjjO07PJIU6qS9aHq/q+c6pnKkJQfmKWuy8=
github.com/issue9/upload v1.1.1 h1:k3o7Fk/0KWmR/dkSp7DRk0HEHHLZojT2pS4QlcjP+ks=
github.com/issue9/upload v1.1.1/go.mod h1:kNHWA193sQwbgGr+DJo4gZ8cR3SwIiNQVUt0xRNg5QY=
github.com/issue9/utils v1.0.1 h1:4vmqD/E4SMLSvdb4pMoFtO/kQyk/Er68RdwmgrWwo50=
github.com/issue9/utils v1.0.1/go.mod h1:fpWGqXMwgL6HQKtqT2ZMPBrdTSyxnyHONy54BSCGOyI=
github.com/issue9/version v1.0.1 h1:rm4XQOnenT+tuzWPh32STA8eonfP6Fmf/cZlIrCGVCU=
github.com/issue9/version v1.0.1/go.mod h1:KSUEBIoKlVI4XyO0tNQZAc1wqLfoJ7A95d8NrRtfv4M=
github.com/issue9/watermark v1.0.2 h1:OSOKvXkumcKepye7t0qicDJb6qzYh0yUFTRIbhzhnas=
github.com/issue9/watermark v1.0.2/go.mod h1:Sym+KKXtrS1N8ZvKK21Bl5S/WyLjC803foD5oMRo43I=
gopkg.in/check.v1 v0.0.0-20161208181325-20d25e280405 h1:yhCVgyC4o1eVCa2tZl7eS0r+SDo693bJlVdllGtEeKM=
gopkg.in/check.v1 v0.0.0-20161208181325-20d25e280405/go.mod h1:Co6ibVJAznAaIkqp8huTwlJQCZ016jof/cbN4VW5Yz0=
gopkg.in/fsnotify.v1 v1.4.7 h1:xOHLXZwVvI9hhs+cLKq5+I5onOuwQLhQwiu63xxlHs4=
gopkg.in/fsnotify.v1 v1.4.7/go.mod h1:Tz8NjZHkW78fSQdbUxIjBTcgA1z1m8ZHf0WmKUhAMys=
gopkg.in/yaml.v2 v2.2.1 h1:mUhvW9EsL+naU5Q3cakzfE91YhliOondGd6ZrsDBHQE=
gopkg.in/yaml.v2 v2.2.1/go.mod h1:hI93XBmqTisBFMUTm0b8Fm+jr3Dg1NNxqwp+5A1VGuI=
