github.com/andybalholm/brotli v1.0.1 h1:KqhlKozYbRtJvsPrrEeXcO+N2l6NYT5A2QAFmSULpEc=
github.com/andybalholm/brotli v1.0.1/go.mod h1:loMXtMfwqflxFJPmdbJO0a3KNoPuLBgiu3qAvBg8x/Y=
github.com/bradfitz/gomemcache v0.0.0-20190913173617-a41fca850d0b/go.mod h1:H0wQNHz2YrLsuXOZozoeDmnHXkNCRmMW0gwFWDfEZDA=
github.com/caixw/gobuild v0.9.1 h1:pe/YnITMfI9Ni32lSqUbmIXYlVhgBuTmFiR7Zx/qwjM=
github.com/caixw/gobuild v0.9.1/go.mod h1:HnFLyTbZg7KflYSHSqFTdMi4zbr9cx55IAXqeas6HjY=
github.com/davecgh/go-spew v1.1.0/go.mod h1:J7Y8YcW2NihsgmVo/mv3lAwl/skON4iLHjSsI+c5H38=
github.com/fsnotify/fsnotify v1.4.9 h1:hsms1Qyu0jgnwNXIxa+/V/PDsU6CfLf6CNO8H7IWoS4=
github.com/fsnotify/fsnotify v1.4.9/go.mod h1:znqG4EE+3YCdAaPaxE2ZRY/06pZUdp0tY4IgpuI1SZQ=
github.com/gomodule/redigo v1.8.2/go.mod h1:P9dn9mFrCBvWhGE1wpxx6fgq7BAeLBk+UUUzlpkBYO0=
github.com/issue9/assert v1.3.3 h1:3Xz5rGafXcaOpz7x6X2X3kBQVYxs1l9HFHSwmuDQ3KM=
github.com/issue9/assert v1.3.3/go.mod h1:9Ger+iz8X7r1zMYYwEhh++2wMGWcNN2oVI+zIQXxcio=
github.com/issue9/assert v1.3.4 h1:m9O+Nmi0ejRsLaTfQa349WTQtryQYHynBn6DFv6+sNY=
github.com/issue9/assert v1.3.4/go.mod h1:9Ger+iz8X7r1zMYYwEhh++2wMGWcNN2oVI+zIQXxcio=
github.com/issue9/assert v1.4.0 h1:/hLHZOr6koZn6fM8feB2fSVl8RZ4o629hSdCeARWNWg=
github.com/issue9/assert v1.4.0/go.mod h1:Yktk83hAVl1SPSYtd9kjhBizuiBIqUQyj+D5SE2yjVY=
github.com/issue9/assert v1.4.1 h1:gUtOpMTeaE4JTe9kACma5foOHBvVt1p5XTFrULDwdXI=
github.com/issue9/assert v1.4.1/go.mod h1:Yktk83hAVl1SPSYtd9kjhBizuiBIqUQyj+D5SE2yjVY=
github.com/issue9/autoinc v1.0.6 h1:CIxOClYBIRRu9u+YjprhghyxipJuKEj9cKX6zwj0/Wk=
github.com/issue9/autoinc v1.0.6/go.mod h1:bGWX564I5nsereCvh5W9A4jSS8TXONd/ybdNJu5ct/E=
github.com/issue9/cache v0.2.0 h1:KX679cCJK6wLs9RPbr4F4rKVe/S/SkspdtOknxGqw+k=
github.com/issue9/cache v0.2.0/go.mod h1:nwzru2EDdL62V9CnC2gPkoTEMcb16XT7ALqHfIGtWUo=
github.com/issue9/cmdopt v0.7.0 h1:HjYR2aQ1Hncnc86ybTy6YKQYGUnrpPcfwVKOPXK9wAc=
github.com/issue9/cmdopt v0.7.0/go.mod h1:I5NRZX40jVzM/zJPx8fkHqwv2+b5knyD8roJjEk0VDY=
github.com/issue9/conv v1.2.0 h1:E3tytDaA1LsPKTBr+I1d2Z5jKSh6vfsCPROZ91Y6rRY=
github.com/issue9/conv v1.2.0/go.mod h1:VQn91C7Fsj2JMM/cJbhkVL1cLDaWv7/f8uGh6/22gVw=
github.com/issue9/errwrap v0.1.1 h1:akAQ1z726dnwhNzI7eAmCvYXYPbvF6OTGwct/vRVev0=
github.com/issue9/errwrap v0.1.1/go.mod h1:H9mdt7KifDebeRecMn5yt7F25f+4N0V2sqIqyZnNjzQ=
github.com/issue9/errwrap v0.1.2 h1:5TEX7YJdbaYbEn8UNphxc0hC/xi8/vb3ulZYhyWj0nw=
github.com/issue9/errwrap v0.1.2/go.mod h1:yudSKP/VtwvbW8hD9riNxJd8sAAzgJUgjllibgHqdJg=
github.com/issue9/errwrap v0.2.0 h1:EPisAVHfGj8ZnR3aNlLFpih/ahDWdMXTOOA+3QaELpk=
github.com/issue9/errwrap v0.2.0/go.mod h1:yudSKP/VtwvbW8hD9riNxJd8sAAzgJUgjllibgHqdJg=
github.com/issue9/logs/v2 v2.5.0 h1:ZbJP8N6QBJWHTyDiaoXmzmrEyTqkaAnoWVcm+iGbw6g=
github.com/issue9/logs/v2 v2.5.0/go.mod h1:ezjkRzcBWnUqkh1T9zksPa8zmjTQ569/LWC8OzLdge0=
github.com/issue9/middleware/v2 v2.3.0 h1:YgJJIlaWZkm45bC7nu/AQ+oyn2leixf2LeomnE2G0jo=
github.com/issue9/middleware/v2 v2.3.0/go.mod h1:NK8xGJbCtjrF0Mo94YapnReKautdnICamqP//A0RWK0=
github.com/issue9/mux/v3 v3.1.1 h1:itj2p66Cgn2PggnO804CB4cKRrk8XHSgIPUTXlDBSHA=
github.com/issue9/mux/v3 v3.1.1/go.mod h1:yN6Texx/I//wXVNsUWaSuqS+f3vRmf7lR3mysiuIn8Q=
github.com/issue9/qheader v0.4.0 h1:dcNDduQxgHw8hYASQp6Bvrj4RSon+6wkd0A8i7qo1ps=
github.com/issue9/qheader v0.4.0/go.mod h1:LJk1/kJ3ydNYA3epOQD+p0adjjouW5fJTVAtpBk3org=
github.com/issue9/qheader v0.5.0 h1:QKGv8ZbI2vgB6c3oZ1+GYz9USM8js9r1ULfB4vTDXtw=
github.com/issue9/qheader v0.5.0/go.mod h1:LJk1/kJ3ydNYA3epOQD+p0adjjouW5fJTVAtpBk3org=
github.com/issue9/query/v2 v2.1.2 h1:VamU9KG2iWrkDVSzvjXcjnID540r57FZ7Q2QLmHPlNk=
github.com/issue9/query/v2 v2.1.2/go.mod h1:uu4TfzAmoZ9m/h9Xe8v8r663ye30GLTRrvzuBg/4v/A=
github.com/issue9/rands v1.1.4 h1:Wx1PzxTF57aao5Xq2/Q0nzRGBuRKWw6nw2emWfwl4hE=
github.com/issue9/rands v1.1.4/go.mod h1:aCnoDR8ukczytaW+9FXuWS7YhhAK/5f+w8sM7P6UXqs=
github.com/issue9/scheduled v0.7.0 h1:y5BlhVrxUMe3zkrKwtJnVN69xeezOCIWRYrqQ/3x1aY=
github.com/issue9/scheduled v0.7.0/go.mod h1:IBqJ/nYmTeisJCGuszBWY5efatEhWJ+x379qxSvaWmU=
github.com/issue9/sliceutil v0.5.0 h1:17O5o8e3/7iI/QkmWz6KRjUsJJ4xuo6viIbKt4nUJvg=
github.com/issue9/sliceutil v0.5.0/go.mod h1:71sjJIhUr1jjSpDfLB702gkxe5ClGtMz+qofUdmh9DI=
github.com/issue9/sliceutil v0.6.0 h1:qff0GiuTf5ThPfm+Vgp3+XDzAiHA3o98Dlx/TU7Gj8w=
github.com/issue9/sliceutil v0.6.0/go.mod h1:FUxZQC4oEw6V46afC+JOdCjOv84BA6WBNQRYGS9V4Dg=
github.com/issue9/source v0.1.1 h1:Xemp2xP1m2t9r2+9mg/zYldYQCs0T13ggE69I65WNQ0=
github.com/issue9/source v0.1.1/go.mod h1:oyj2OUvab/aVFsHqRTS8uI8KcvGZb0ZFoh9b3FzzAYU=
github.com/issue9/term/v2 v2.1.1 h1:sRNToylz+SObLFnfShJ1kafVl95XaiNiz6zPfKBEhNQ=
github.com/issue9/term/v2 v2.1.1/go.mod h1:bVE4IB4wr4ci33TptjVtQNB0O54XdcWUfp9p34zSTmQ=
github.com/issue9/unique v1.2.0 h1:ZLRNTZnKYk7Bw0jW2kZ79vbbHDMfc1FzM7B15S19jmc=
github.com/issue9/unique v1.2.0/go.mod h1:OyIGEV2ag+3MZh0F8TzArniLPMeIH6I5xcNsEWbi2Lo=
github.com/issue9/upload v1.1.3 h1:r3qtyi6LXGabOJX57MwaYAIk3fl7YMtVHGrflddPKOM=
github.com/issue9/upload v1.1.3/go.mod h1:5k7EGl3m345Dh0PoE4iunFNtgyAFtIJtKMCUGeSn6B4=
github.com/issue9/validation v0.2.0 h1:UQ747kk0cGHQWpL6cuUpf8ubeI6e8ZgPa94TZC0O42w=
github.com/issue9/validation v0.2.0/go.mod h1:My0wEa+KUEiKN+1IaFEb0eqyr8KhMBPd61qV9DtBVhI=
github.com/issue9/version v1.0.4 h1:MOx0aevureZT3wrAL8qby3Yo7VUc6q5L2VJmbe0gYvQ=
github.com/issue9/version v1.0.4/go.mod h1:09uWgAilnXN7DmMBUnpUHlZoQuY6Yfl4JBQysjAOMmE=
github.com/issue9/watermark v1.0.5 h1:LqKWTp16/GM17zrFWn3vcOQEV5yOwRK7BnkLLTpI5uc=
github.com/issue9/watermark v1.0.5/go.mod h1:RbznIF4p4hl3DENArELltXbgV31N8TcOagHifeKO09g=
github.com/pmezard/go-difflib v1.0.0/go.mod h1:iKH77koFhYxTK1pcRnkKkqfTogsbg7gZNVY4sRDYZ/4=
github.com/stretchr/objx v0.1.0/go.mod h1:HFkY916IF+rwdDfMAkV7OtwuqBVzrE8GR6GFx+wExME=
github.com/stretchr/testify v1.5.1/go.mod h1:5W2xD1RspED5o8YsWQXVCued0rvSQ+mT+I5cxcmMvtA=
golang.org/x/sys v0.0.0-20191005200804-aed5e4c7ecf9 h1:L2auWcuQIvxz9xSEqzESnV/QN/gNRXNApHi3fYwl2w0=
golang.org/x/sys v0.0.0-20191005200804-aed5e4c7ecf9/go.mod h1:h1NjWce9XRLGQEsW7wpKNCjG9DtNlClVuFLEZdDNbEs=
golang.org/x/sys v0.0.0-20200523222454-059865788121 h1:rITEj+UZHYC927n8GT97eC3zrpzXdb/voyeOuVKS46o=
golang.org/x/sys v0.0.0-20200523222454-059865788121/go.mod h1:h1NjWce9XRLGQEsW7wpKNCjG9DtNlClVuFLEZdDNbEs=
golang.org/x/text v0.3.4 h1:0YWbFKbhXG/wIiuHDSKpS0Iy7FSA+u45VtBMfQcFTTc=
golang.org/x/text v0.3.4/go.mod h1:5Zoc/QRtKVWzQhOtBMvqHzDpF6irO9z98xDceosuGiQ=
golang.org/x/tools v0.0.0-20180917221912-90fa682c2a6e/go.mod h1:n7NCudcB/nEzxVGmLbDWY5pfWTLqBcC2KZ6jyYvM4mQ=
gopkg.in/check.v1 v0.0.0-20161208181325-20d25e280405 h1:yhCVgyC4o1eVCa2tZl7eS0r+SDo693bJlVdllGtEeKM=
gopkg.in/check.v1 v0.0.0-20161208181325-20d25e280405/go.mod h1:Co6ibVJAznAaIkqp8huTwlJQCZ016jof/cbN4VW5Yz0=
gopkg.in/yaml.v2 v2.2.2/go.mod h1:hI93XBmqTisBFMUTm0b8Fm+jr3Dg1NNxqwp+5A1VGuI=
gopkg.in/yaml.v2 v2.3.0 h1:clyUAQHOM3G0M3f5vQj7LuJrETvjVot3Z5el9nffUtU=
gopkg.in/yaml.v2 v2.3.0/go.mod h1:hI93XBmqTisBFMUTm0b8Fm+jr3Dg1NNxqwp+5A1VGuI=
