github.com/andybalholm/brotli v1.1.0 h1:eLKJA0d02Lf0mVpIDgYnqXcUn0GqVmEFny3VuID1U3M=
github.com/andybalholm/brotli v1.1.0/go.mod h1:sms7XGricyQI9K10gOSf56VKKWS4oLer58Q+mhRPtnY=
github.com/caixw/gobuild v1.7.6 h1:NnLQQWuKeA5lNt6gmABxg0DIlx1t9WkdiFMEj40PknQ=
github.com/caixw/gobuild v1.7.6/go.mod h1:F8XPRaVhtjqP3MrXLOAokFWGcyW+n15rPAv5IBWNBa8=
github.com/davecgh/go-spew v1.1.1 h1:vj9j/u1bqnvCEfJOwUhtlOARqs3+rkHYY13jYWTU97c=
github.com/davecgh/go-spew v1.1.1/go.mod h1:J7Y8YcW2NihsgmVo/mv3lAwl/skON4iLHjSsI+c5H38=
github.com/fsnotify/fsnotify v1.7.0 h1:8JEhPFa5W2WU7YfeZzPNqzMP6Lwt7L2715Ggo0nosvA=
github.com/fsnotify/fsnotify v1.7.0/go.mod h1:40Bi/Hjc2AVfZrqy+aj+yEI+/bRxZnMJyTJwOpGvigM=
github.com/getkin/kin-openapi v0.124.0 h1:VSFNMB9C9rTKBnQ/fpyDU8ytMTr4dWI9QovSKj9kz/M=
github.com/getkin/kin-openapi v0.124.0/go.mod h1:wb1aSZA/iWmorQP9KTAS/phLj/t17B5jT7+fS8ed9NM=
github.com/go-openapi/jsonpointer v0.20.2 h1:mQc3nmndL8ZBzStEo3JYF8wzmeWffDH4VbXz58sAx6Q=
github.com/go-openapi/jsonpointer v0.20.2/go.mod h1:bHen+N0u1KEO3YlmqOjTT9Adn1RfD91Ar825/PuiRVs=
github.com/go-openapi/swag v0.22.8 h1:/9RjDSQ0vbFR+NyjGMkFTsA1IA0fmhKSThmfGZjicbw=
github.com/go-openapi/swag v0.22.8/go.mod h1:6QT22icPLEqAM/z/TChgb4WAveCHF92+2gF0CNjHpPI=
github.com/go-test/deep v1.0.8 h1:TDsG77qcSprGbC6vTN8OuXp5g+J+b5Pcguhf7Zt61VM=
github.com/go-test/deep v1.0.8/go.mod h1:5C2ZWiW0ErCdrYzpqxLbTX7MG14M9iiw8DgHncVwcsE=
github.com/invopop/yaml v0.2.0 h1:7zky/qH+O0DwAyoobXUqvVBwgBFRxKoQ/3FjcVpjTMY=
github.com/invopop/yaml v0.2.0/go.mod h1:2XuRLgs/ouIrW3XNzuNj7J3Nvu/Dig5MXvbCEdiBN3Q=
github.com/issue9/assert/v4 v4.3.0 h1:W3XDKmttsfzihYGxJ9rJoL2ViJgWERB9IxfHcxjv65U=
github.com/issue9/assert/v4 v4.3.0/go.mod h1:v7qDRXi7AsaZZNh8eAK2rkLJg5/clztqQGA1DRv9Lv4=
github.com/issue9/cache v0.16.1 h1:c941BS7oItSddjHezqx88Ugf0f7PSAGuI7FBW+84Vow=
github.com/issue9/cache v0.16.1/go.mod h1:bLkT/324kSULoA/3/vAO0H6KILwDLwqGlOA/OvNwdlI=
github.com/issue9/cmdopt v0.13.1 h1:VA/Hgd92NBbZyHjZx1xcRCMhoc+XjI1LWhiuZkOZ0VU=
github.com/issue9/cmdopt v0.13.1/go.mod h1:7lnF45Ush0boi4/nDjeSDYV5lZfoOzp3jm+biJr0f4g=
github.com/issue9/config v0.6.2 h1:znXvsk6gh0wm+fTEn0zUjjramKuOLY8Jt0ZTxp4GIkc=
github.com/issue9/config v0.6.2/go.mod h1:S97FVtZim4rPB+M49EoOuBajaqY4ULQbqltZmZ99+Dc=
github.com/issue9/conv v1.3.5 h1:UWeA+Zqp5vjNDLrmhLhaXPjS1hL8gh4quX6Shk5njKQ=
github.com/issue9/conv v1.3.5/go.mod h1:lkZYMyrmxy+HK//N4eLmwUl9mCwj0zgeTjnxgl/w7hM=
github.com/issue9/errwrap v0.3.2 h1:7KEme9Pfe75M+sIMcPCn/DV90wjnOcRbO4DXVAHj3Fw=
github.com/issue9/errwrap v0.3.2/go.mod h1:KcCLuUGiffjooLCUjL89r1cyO8/HT/VRcQrneO53N3A=
github.com/issue9/localeutil v0.26.9 h1:T8qZICA9LshXrW6W3txReps4XalgTUn273M4oSXirkE=
github.com/issue9/localeutil v0.26.9/go.mod h1:TNoqmrux5wJwS2ZcZw4qwMPJx8nmxta5OchfAKQbYaI=
github.com/issue9/logs/v7 v7.6.1 h1:eUuzmj0USsFR8mMHrtcJcMym175F6Boen3pmAD7rBhE=
github.com/issue9/logs/v7 v7.6.1/go.mod h1:qB5EKf6G+CkVQbHhWmaClhP8OkWzdAhCWvk9FJ1CJqA=
github.com/issue9/mux/v9 v9.0.0-beta.1 h1:/0jojO/juD4iIPtdrW4VOX63qjdC918Q9aJtMf0w5No=
github.com/issue9/mux/v9 v9.0.0-beta.1/go.mod h1:DiCV09rAADyL9MFOA14s72UDz+bdRFCdJDthFOGUwPs=
github.com/issue9/query/v3 v3.1.3 h1:Y6ETEYXxaKqhpM4lXPKCffhJ72VuKQbrAwgwHlacu0Y=
github.com/issue9/query/v3 v3.1.3/go.mod h1:a/W/+7iel9K+5rRT4AFAKR8+OJeV5axeF6tK9My4lNA=
github.com/issue9/rands/v3 v3.0.1 h1:EnX9WNushGgHCzoL/R5eBPaLfvjLO/c7CGHNgLK0JhY=
github.com/issue9/rands/v3 v3.0.1/go.mod h1:n4mM2ts7NCpuxHwS9zorPITJBWEUGksXg6cTOH6yqS0=
github.com/issue9/scheduled v0.20.0 h1:tFehe5MhCUNS/E9VC8et0uO7N1Z09PmOAPWZD0cMW78=
github.com/issue9/scheduled v0.20.0/go.mod h1:zx5rYymWhJpHWXa9CchbzXa0VqBMUPNGV3n9fBUhe9c=
github.com/issue9/sliceutil v0.16.1 h1:NVZ2feN014oUmMpZvZUrKkKMGhAfzT8WNzJF81krebM=
github.com/issue9/sliceutil v0.16.1/go.mod h1:ldun6sT4/bOJxuMtOXhtc6P7GCwE7L+avV86HNks7qk=
github.com/issue9/source v0.11.3 h1:rXKHyy8Lg2dDlie02TaYJJtbyR9wt4to8CAVbFXR3D0=
github.com/issue9/source v0.11.3/go.mod h1:MQYr1hupicwivCqFSH4FAc+eMT6VMTmKTNJOvqRacG0=
github.com/issue9/term/v3 v3.2.9 h1:0hRJjErY0PWzSkoOCwZ1bBxUw8w9ctblNFBZn8Na1kM=
github.com/issue9/term/v3 v3.2.9/go.mod h1:NkoNf6ANL+bIgT2CZFi6aD1Q2yeksxAr2mb+Nhb9+r4=
github.com/issue9/unique/v2 v2.1.0 h1:lE9hstenrbBgDM/Iulv7d75qAYpgoDV8rSRoLmEBHOk=
github.com/issue9/unique/v2 v2.1.0/go.mod h1:qZoDKnfu+7Q0yxhifVseRKD2Wea9Tc9zdXwALnFc54A=
github.com/issue9/version v1.0.8 h1:IsNdDYdV8UGDGwwgp8H4RszJE0Ko26HjWg9pZzyOivs=
github.com/issue9/version v1.0.8/go.mod h1:w8bQwODBOG5+iaS3qIJbElxxpp3Uo4x5F39qKBqwpdc=
github.com/jellydator/ttlcache/v3 v3.2.0 h1:6lqVJ8X3ZaUwvzENqPAobDsXNExfUJd61u++uW8a3LE=
github.com/jellydator/ttlcache/v3 v3.2.0/go.mod h1:hi7MGFdMAwZna5n2tuvh63DvFLzVKySzCVW6+0gA2n4=
github.com/josharian/intern v1.0.0 h1:vlS4z54oSdjm0bgjRigI+G1HpF+tI+9rE5LLzOg8HmY=
github.com/josharian/intern v1.0.0/go.mod h1:5DoeVV0s6jJacbCEi61lwdGj/aVlrQvzHFFd8Hwg//Y=
github.com/klauspost/compress v1.17.8 h1:YcnTYrq7MikUT7k0Yb5eceMmALQPYBW/Xltxn0NAMnU=
github.com/klauspost/compress v1.17.8/go.mod h1:Di0epgTjJY877eYKx5yC51cX2A2Vl2ibi7bDH9ttBbw=
github.com/kr/pretty v0.3.1 h1:flRD4NNwYAUpkphVc1HcthR4KEIFJ65n8Mw5qdRn3LE=
github.com/kr/pretty v0.3.1/go.mod h1:hoEshYVHaxMs3cyo3Yncou5ZscifuDolrwPKZanG3xk=
github.com/kr/text v0.2.0 h1:5Nx0Ya0ZqY2ygV366QzturHI13Jq95ApcVaJBhpS+AY=
github.com/kr/text v0.2.0/go.mod h1:eLer722TekiGuMkidMxC/pM04lWEeraHUUmBw8l2grE=
github.com/mailru/easyjson v0.7.7 h1:UGYAvKxe3sBsEDzO8ZeWOSlIQfWFlxbzLZe7hwFURr0=
github.com/mailru/easyjson v0.7.7/go.mod h1:xzfreul335JAWq5oZzymOObrkdz5UnU4kGfJJLY9Nlc=
github.com/mohae/deepcopy v0.0.0-20170929034955-c48cc78d4826 h1:RWengNIwukTxcDr9M+97sNutRR1RKhG96O6jWumTTnw=
github.com/mohae/deepcopy v0.0.0-20170929034955-c48cc78d4826/go.mod h1:TaXosZuwdSHYgviHp1DAtfrULt5eUgsSMsZf+YrPgl8=
github.com/perimeterx/marshmallow v1.1.5 h1:a2LALqQ1BlHM8PZblsDdidgv1mWi1DgC2UmX50IvK2s=
github.com/perimeterx/marshmallow v1.1.5/go.mod h1:dsXbUu8CRzfYP5a87xpp0xq9S3u0Vchtcl8we9tYaXw=
github.com/pmezard/go-difflib v1.0.0 h1:4DBwDE0NGyQoBHbLQYPwSUPoCMWR5BEzIk/f1lZbAQM=
github.com/pmezard/go-difflib v1.0.0/go.mod h1:iKH77koFhYxTK1pcRnkKkqfTogsbg7gZNVY4sRDYZ/4=
github.com/rogpeppe/go-internal v1.12.0 h1:exVL4IDcn6na9z1rAb56Vxr+CgyK3nn3O+epU5NdKM8=
github.com/rogpeppe/go-internal v1.12.0/go.mod h1:E+RYuTGaKKdloAfM02xzb0FW3Paa99yedzYV+kq4uf4=
github.com/stretchr/testify v1.8.4 h1:CcVxjf3Q8PM0mHUKJCdn+eZZtm5yQwehR5yeSVQQcUk=
github.com/stretchr/testify v1.8.4/go.mod h1:sz/lmYIOXD/1dqDmKjjqLyZ2RngseejIcXlSw2iwfAo=
github.com/ugorji/go/codec v1.2.7 h1:YPXUKf7fYbp/y8xloBqZOw2qaVggbfwMlI8WM3wZUJ0=
github.com/ugorji/go/codec v1.2.7/go.mod h1:WGN1fab3R1fzQlVQTkfxVtIBhWDRqOviHU95kRgeqEY=
go.uber.org/goleak v1.2.1 h1:NBol2c7O1ZokfZ0LEU9K6Whx/KnwvepVetCUhtKja4A=
go.uber.org/goleak v1.2.1/go.mod h1:qlT2yGI9QafXHhZZLxlSuNsMw3FFLxBr+tBRlmO1xH4=
golang.org/x/mod v0.17.0 h1:zY54UmvipHiNd+pm+m0x9KhZ9hl1/7QNMyxXbc6ICqA=
golang.org/x/mod v0.17.0/go.mod h1:hTbmBsO62+eylJbnUtE2MGJUyE7QWk4xUqPFrRgJ+7c=
golang.org/x/sync v0.7.0 h1:YsImfSBoP9QPYL0xyKJPq0gcaJdG3rInoqxTWbfQu9M=
golang.org/x/sync v0.7.0/go.mod h1:Czt+wKu1gCyEFDUtn0jG5QVvpJ6rzVqr5aXyt9drQfk=
golang.org/x/sys v0.20.0 h1:Od9JTbYCk261bKm4M/mw7AklTlFYIa0bIp9BgSm1S8Y=
golang.org/x/sys v0.20.0/go.mod h1:/VUhepiaJMQUp4+oa/7Zr1D23ma6VTLIYjOOTFZPUcA=
golang.org/x/text v0.15.0 h1:h1V/4gjBv8v9cjcR6+AR5+/cIYK5N/WAgiv4xlsEtAk=
golang.org/x/text v0.15.0/go.mod h1:18ZOQIKpY8NJVqYksKHtTdi31H5itFRjB5/qKTNYzSU=
golang.org/x/tools v0.21.0 h1:qc0xYgIbsSDt9EyWz05J5wfa7LOVW0YTLOXrqdLAWIw=
golang.org/x/tools v0.21.0/go.mod h1:aiJjzUbINMkxbQROHiO6hDPo2LHcIPhhQsa9DLh0yGk=
golang.org/x/xerrors v0.0.0-20231012003039-104605ab7028 h1:+cNy6SZtPcJQH3LJVLOSmiC7MMxXNOb3PU/VUEz+EhU=
golang.org/x/xerrors v0.0.0-20231012003039-104605ab7028/go.mod h1:NDW/Ps6MPRej6fsCIbMTohpP40sJ/P/vI1MoTEGwX90=
gopkg.in/check.v1 v0.0.0-20161208181325-20d25e280405/go.mod h1:Co6ibVJAznAaIkqp8huTwlJQCZ016jof/cbN4VW5Yz0=
gopkg.in/check.v1 v1.0.0-20201130134442-10cb98267c6c h1:Hei/4ADfdWqJk1ZMxUNpqntNwaWcugrBjAiHlqqRiVk=
gopkg.in/check.v1 v1.0.0-20201130134442-10cb98267c6c/go.mod h1:JHkPIbrfpd72SG/EVd6muEfDQjcINNoR0C8j2r3qZ4Q=
gopkg.in/yaml.v3 v3.0.0/go.mod h1:K4uyk7z7BCEPqu6E+C64Yfv1cQ7kz7rIZviUmN+EgEM=
gopkg.in/yaml.v3 v3.0.1 h1:fxVm/GzAzEWqLHuvctI91KS9hhNmmWOoWu0XTYJS7CA=
gopkg.in/yaml.v3 v3.0.1/go.mod h1:K4uyk7z7BCEPqu6E+C64Yfv1cQ7kz7rIZviUmN+EgEM=
