github.com/andybalholm/brotli v1.1.1 h1:PR2pgnyFznKEugtsUo0xLdDop5SKXd5Qf5ysW+7XdTA=
github.com/andybalholm/brotli v1.1.1/go.mod h1:05ib4cKhjx3OQYUY22hTVd34Bc8upXjOLL2rKwwZBoA=
github.com/bahlo/generic-list-go v0.2.0 h1:5sz/EEAK+ls5wF+NeqDpk5+iNdMDXrh3z3nPnH1Wvgk=
github.com/bahlo/generic-list-go v0.2.0/go.mod h1:2KvAjgMlE5NNynlg/5iLrrCCZ2+5xWbdbCW3pNTGyYg=
github.com/buger/jsonparser v1.1.1 h1:2PnMjfWD7wBILjqQbt530v576A/cAbQvEW9gGIpYMUs=
github.com/buger/jsonparser v1.1.1/go.mod h1:6RYKKt7H4d4+iWqouImQ9R2FZql3VbhNgx27UK13J/0=
github.com/caixw/gobuild v1.8.4 h1:Ek0Qx9onMbvhVm2lOYpFLvw4HxGI7guEMHgk+syoTmQ=
github.com/caixw/gobuild v1.8.4/go.mod h1:gLzUIQdpnPnP1IVtdCsMuobxeIs3GIcA9M0bMwuMvfk=
github.com/davecgh/go-spew v1.1.1 h1:vj9j/u1bqnvCEfJOwUhtlOARqs3+rkHYY13jYWTU97c=
github.com/davecgh/go-spew v1.1.1/go.mod h1:J7Y8YcW2NihsgmVo/mv3lAwl/skON4iLHjSsI+c5H38=
github.com/fsnotify/fsnotify v1.8.0 h1:dAwr6QBTBZIkG8roQaJjGof0pp0EeF+tNV7YBP3F/8M=
github.com/fsnotify/fsnotify v1.8.0/go.mod h1:8jBTzvmWwFyi3Pb8djgCCO5IBqzKJ/Jwo8TRcHyHii0=
github.com/fxamacker/cbor/v2 v2.7.0 h1:iM5WgngdRBanHcxugY4JySA0nk1wZorNOpTgCMedv5E=
github.com/fxamacker/cbor/v2 v2.7.0/go.mod h1:pxXPTn3joSm21Gbwsv0w9OSA2y1HFR9qXEeXQVeNoDQ=
github.com/google/go-cmp v0.6.0 h1:ofyhxvXcZhMsU5ulbFiLKl/XBFqE1GSq7atu8tAmTRI=
github.com/google/go-cmp v0.6.0/go.mod h1:17dUlkBOakJ0+DkrSSNjCkIjxS6bF9zb3elmeNGIjoY=
github.com/issue9/assert/v4 v4.3.1 h1:dHYODk1yV7j/1baIB6K6UggI4r1Hfuljqic7PaDbwLg=
github.com/issue9/assert/v4 v4.3.1/go.mod h1:v7qDRXi7AsaZZNh8eAK2rkLJg5/clztqQGA1DRv9Lv4=
github.com/issue9/cache v0.19.0 h1:tBj7GdlEFf4u1YDm2fMaBDUC6nYVWpXqF6WjFlJuNkQ=
github.com/issue9/cache v0.19.0/go.mod h1:rw4oyxL5riQFL11S9zkenb0H5OuKIN3nwx1n7gitHAo=
github.com/issue9/cmdopt v0.13.1 h1:VA/Hgd92NBbZyHjZx1xcRCMhoc+XjI1LWhiuZkOZ0VU=
github.com/issue9/cmdopt v0.13.1/go.mod h1:7lnF45Ush0boi4/nDjeSDYV5lZfoOzp3jm+biJr0f4g=
github.com/issue9/config v0.9.0 h1:2HGtEUvK8ujvNXIHtgfjdxogzCBLLsVtjX+DnCb647g=
github.com/issue9/config v0.9.0/go.mod h1:iz2F+zv1dTYgR7M7eNUyUEk0RKCSXPnlSQF7W6YGYHA=
github.com/issue9/conv v1.3.5 h1:UWeA+Zqp5vjNDLrmhLhaXPjS1hL8gh4quX6Shk5njKQ=
github.com/issue9/conv v1.3.5/go.mod h1:lkZYMyrmxy+HK//N4eLmwUl9mCwj0zgeTjnxgl/w7hM=
github.com/issue9/errwrap v0.3.2 h1:7KEme9Pfe75M+sIMcPCn/DV90wjnOcRbO4DXVAHj3Fw=
github.com/issue9/errwrap v0.3.2/go.mod h1:KcCLuUGiffjooLCUjL89r1cyO8/HT/VRcQrneO53N3A=
github.com/issue9/localeutil v0.29.3 h1:0vjaaK0oYlZBUIx3d/MLpi+TcIJZhrPaE937mKIDWg0=
github.com/issue9/localeutil v0.29.3/go.mod h1:SkQPvuU3Hu/DdxqU+DOlEjpFOhP5J1POajWkGTtPcIc=
github.com/issue9/logs/v7 v7.6.5 h1:v8AXFLrB5rGzgnbd0yUV9KtHw3r4LVD4l1OAdqT1Q0E=
github.com/issue9/logs/v7 v7.6.5/go.mod h1:KMcsw7nWMYxs77lU5hWYFPTlZY8PBBIQC523WBfgP38=
github.com/issue9/mux/v9 v9.1.2 h1:Ng5uv8bwsduZV6w14gv0HR78ahBs8Fm0JWlc7Xjtbd4=
github.com/issue9/mux/v9 v9.1.2/go.mod h1:CLtV5ZfIrAmfaC/qxn07wXc3GALI45GYCsdE3c/h9CQ=
github.com/issue9/query/v3 v3.1.3 h1:Y6ETEYXxaKqhpM4lXPKCffhJ72VuKQbrAwgwHlacu0Y=
github.com/issue9/query/v3 v3.1.3/go.mod h1:a/W/+7iel9K+5rRT4AFAKR8+OJeV5axeF6tK9My4lNA=
github.com/issue9/rands/v3 v3.1.0 h1:GC0884SAtAAWIA5J4pQ2BpaISD0xK2njnqVpeVXQoYQ=
github.com/issue9/rands/v3 v3.1.0/go.mod h1:cUBNpOf1rF2thj/OjErcj8c8JtkHC54eyFaDcB8kJo8=
github.com/issue9/scheduled v0.22.0 h1:qGk4+IbaxozIEaYX9mWEM1C//Zg/iI8DVT6tYIS/ibU=
github.com/issue9/scheduled v0.22.0/go.mod h1:wVGvPy6kxstLwkfQIYEfpORl+gNKTW68ydFA4d78fMQ=
github.com/issue9/sliceutil v0.17.0 h1:EtmVlldkAyGxS0O2TnxcAu3pgLJw74I5eh9DHT7TOZs=
github.com/issue9/sliceutil v0.17.0/go.mod h1:CVpH4f228pICY7JImlztUPe/zf2w0EicEleU9YfFe00=
github.com/issue9/source v0.12.5 h1:yfp7gZLMGArbpYgn3wEJ6WAXvx2dCknEXUec/+e3WyE=
github.com/issue9/source v0.12.5/go.mod h1:5nOhQUwAwEjFVeFkY0QJgSEMsmwHxNugO9O4RhfLNH4=
github.com/issue9/term/v3 v3.4.0 h1:1K0JJQ+O3hClYmqYWeI5ibstqDXRSYxNHd2j+ljC5qA=
github.com/issue9/term/v3 v3.4.0/go.mod h1:y3cDAllJNW+z0GovrsLk03Q9c8jGD6cfZsqLORiX/vk=
github.com/issue9/unique/v2 v2.1.1 h1:M0gOxKnv/d7W02cNqBH8/TNvwOj9MzW0vTpckhi7Q+g=
github.com/issue9/unique/v2 v2.1.1/go.mod h1:zbKt6oIoc7um/dwJBzbPmMIohD9DWocMsTd6uwmZdNc=
github.com/jellydator/ttlcache/v3 v3.3.0 h1:BdoC9cE81qXfrxeb9eoJi9dWrdhSuwXMAnHTbnBm4Wc=
github.com/jellydator/ttlcache/v3 v3.3.0/go.mod h1:bj2/e0l4jRnQdrnSTaGTsh4GSXvMjQcy41i7th0GVGw=
github.com/josharian/intern v1.0.0/go.mod h1:5DoeVV0s6jJacbCEi61lwdGj/aVlrQvzHFFd8Hwg//Y=
github.com/klauspost/compress v1.18.0 h1:c/Cqfb0r+Yi+JtIEq73FWXVkRonBlf0CRNYc8Zttxdo=
github.com/klauspost/compress v1.18.0/go.mod h1:2Pp+KzxcywXVXMr50+X0Q/Lsb43OQHYWRCY2AiWywWQ=
github.com/kr/pretty v0.3.1 h1:flRD4NNwYAUpkphVc1HcthR4KEIFJ65n8Mw5qdRn3LE=
github.com/kr/pretty v0.3.1/go.mod h1:hoEshYVHaxMs3cyo3Yncou5ZscifuDolrwPKZanG3xk=
github.com/kr/text v0.2.0 h1:5Nx0Ya0ZqY2ygV366QzturHI13Jq95ApcVaJBhpS+AY=
github.com/kr/text v0.2.0/go.mod h1:eLer722TekiGuMkidMxC/pM04lWEeraHUUmBw8l2grE=
github.com/mailru/easyjson v0.7.7 h1:UGYAvKxe3sBsEDzO8ZeWOSlIQfWFlxbzLZe7hwFURr0=
github.com/mailru/easyjson v0.7.7/go.mod h1:xzfreul335JAWq5oZzymOObrkdz5UnU4kGfJJLY9Nlc=
github.com/pmezard/go-difflib v1.0.0 h1:4DBwDE0NGyQoBHbLQYPwSUPoCMWR5BEzIk/f1lZbAQM=
github.com/pmezard/go-difflib v1.0.0/go.mod h1:iKH77koFhYxTK1pcRnkKkqfTogsbg7gZNVY4sRDYZ/4=
github.com/rogpeppe/go-internal v1.12.0 h1:exVL4IDcn6na9z1rAb56Vxr+CgyK3nn3O+epU5NdKM8=
github.com/rogpeppe/go-internal v1.12.0/go.mod h1:E+RYuTGaKKdloAfM02xzb0FW3Paa99yedzYV+kq4uf4=
github.com/stretchr/testify v1.9.0 h1:HtqpIVDClZ4nwg75+f6Lvsy/wHu+3BoSGCbBAcpTsTg=
github.com/stretchr/testify v1.9.0/go.mod h1:r2ic/lqez/lEtzL7wO/rwa5dbSLXVDPFyf8C91i36aY=
github.com/wk8/go-ordered-map/v2 v2.1.8 h1:5h/BUHu93oj4gIdvHHHGsScSTMijfx5PeYkE/fJgbpc=
github.com/wk8/go-ordered-map/v2 v2.1.8/go.mod h1:5nJHM5DyteebpVlHnWMV0rPz6Zp7+xBAnxjb1X5vnTw=
github.com/x448/float16 v0.8.4 h1:qLwI1I70+NjRFUR3zs1JPUCgaCXSh3SW62uAKT1mSBM=
github.com/x448/float16 v0.8.4/go.mod h1:14CWIYCyZA/cWjXOioeEpHeN/83MdbZDRQHoFcYsOfg=
github.com/xyproto/randomstring v1.0.5 h1:YtlWPoRdgMu3NZtP45drfy1GKoojuR7hmRcnhZqKjWU=
github.com/xyproto/randomstring v1.0.5/go.mod h1:rgmS5DeNXLivK7YprL0pY+lTuhNQW3iGxZ18UQApw/E=
go.uber.org/goleak v1.3.0 h1:2K3zAYmnTNqV73imy9J1T3WC+gmCePx2hEGkimedGto=
go.uber.org/goleak v1.3.0/go.mod h1:CoHD4mav9JJNrW/WLlf7HGZPjdw8EucARQHekz1X6bE=
golang.org/x/mod v0.24.0 h1:ZfthKaKaT4NrhGVZHO1/WDTwGES4De8KtWO0SIbNJMU=
golang.org/x/mod v0.24.0/go.mod h1:IXM97Txy2VM4PJ3gI61r1YEk/gAj6zAHN3AdZt6S9Ww=
golang.org/x/sync v0.12.0 h1:MHc5BpPuC30uJk597Ri8TV3CNZcTLu6B6z4lJy+g6Jw=
golang.org/x/sync v0.12.0/go.mod h1:1dzgHSNfp02xaA81J2MS99Qcpr2w7fw1gpm99rleRqA=
golang.org/x/sys v0.31.0 h1:ioabZlmFYtWhL+TRYpcnNlLwhyxaM9kWTDEmfnprqik=
golang.org/x/sys v0.31.0/go.mod h1:BJP2sWEmIv4KK5OTEluFJCKSidICx8ciO85XgH3Ak8k=
golang.org/x/text v0.23.0 h1:D71I7dUrlY+VX0gQShAThNGHFxZ13dGLBHQLVl1mJlY=
golang.org/x/text v0.23.0/go.mod h1:/BLNzu4aZCJ1+kcD0DNRotWKage4q2rGVAg4o22unh4=
golang.org/x/tools v0.30.0 h1:BgcpHewrV5AUp2G9MebG4XPFI1E2W41zU1SaqVA9vJY=
golang.org/x/tools v0.30.0/go.mod h1:c347cR/OJfw5TI+GfX7RUPNMdDRRbjvYTS0jPyvsVtY=
golang.org/x/xerrors v0.0.0-20240903120638-7835f813f4da h1:noIWHXmPHxILtqtCOPIhSt0ABwskkZKjD3bXGnZGpNY=
golang.org/x/xerrors v0.0.0-20240903120638-7835f813f4da/go.mod h1:NDW/Ps6MPRej6fsCIbMTohpP40sJ/P/vI1MoTEGwX90=
gopkg.in/check.v1 v0.0.0-20161208181325-20d25e280405/go.mod h1:Co6ibVJAznAaIkqp8huTwlJQCZ016jof/cbN4VW5Yz0=
gopkg.in/check.v1 v1.0.0-20201130134442-10cb98267c6c h1:Hei/4ADfdWqJk1ZMxUNpqntNwaWcugrBjAiHlqqRiVk=
gopkg.in/check.v1 v1.0.0-20201130134442-10cb98267c6c/go.mod h1:JHkPIbrfpd72SG/EVd6muEfDQjcINNoR0C8j2r3qZ4Q=
gopkg.in/yaml.v3 v3.0.1 h1:fxVm/GzAzEWqLHuvctI91KS9hhNmmWOoWu0XTYJS7CA=
gopkg.in/yaml.v3 v3.0.1/go.mod h1:K4uyk7z7BCEPqu6E+C64Yfv1cQ7kz7rIZviUmN+EgEM=
